
Microsoft Visual Studio Solution File, Format Version 12.00
# Visual Studio Version 16
VisualStudioVersion = 16.0.31515.178
MinimumVisualStudioVersion = 10.0.40219.1
Project("{9A19103F-16F7-4668-BE54-9A1E7A4F7556}") = "LongArithmetic", "LongArithmetic\LongArithmetic.csproj", "{15B3E193-02D5-4550-BCD6-040FF0D5C2E8}"
EndProject
Project("{9A19103F-16F7-4668-BE54-9A1E7A4F7556}") = "ComplexNumber", "ComplexNumber\ComplexNumber.csproj", "{DCB68E9A-3E39-42BB-A949-0EF7768DDD5E}"
EndProject
Project("{9A19103F-16F7-4668-BE54-9A1E7A4F7556}") = "Test", "Test\Test.csproj", "{E092F621-4F67-4A6F-994F-10E8BBF92CA8}"
EndProject
Project("{9A19103F-16F7-4668-BE54-9A1E7A4F7556}") = "Sorting", "Sorting\Sorting.csproj", "{75D6B1C3-98BA-4B32-AC9D-0DED6C11BDE3}"
EndProject
Project("{9A19103F-16F7-4668-BE54-9A1E7A4F7556}") = "Trees", "Trees\Trees.csproj", "{EC417CC2-5670-4537-BEA3-5518C6008B44}"
EndProject
Project("{9A19103F-16F7-4668-BE54-9A1E7A4F7556}") = "Searching", "Searching\Searching.csproj", "{CCBFA55D-7FC2-4760-92D7-F9FD80B498A5}"
EndProject
Project("{FAE04EC0-301F-11D3-BF4B-00C04F79EFBC}") = "SternsMath", "SternsMath\SternsMath.csproj", "{8887C9F7-600C-4AD6-BAC5-B7D4A9BCB9CC}"
EndProject
Global
	GlobalSection(SolutionConfigurationPlatforms) = preSolution
		Debug|Any CPU = Debug|Any CPU
		Debug|x64 = Debug|x64
		Release|Any CPU = Release|Any CPU
		Release|x64 = Release|x64
	EndGlobalSection
	GlobalSection(ProjectConfigurationPlatforms) = postSolution
		{15B3E193-02D5-4550-BCD6-040FF0D5C2E8}.Debug|Any CPU.ActiveCfg = Debug|Any CPU
		{15B3E193-02D5-4550-BCD6-040FF0D5C2E8}.Debug|Any CPU.Build.0 = Debug|Any CPU
		{15B3E193-02D5-4550-BCD6-040FF0D5C2E8}.Debug|x64.ActiveCfg = Debug|Any CPU
		{15B3E193-02D5-4550-BCD6-040FF0D5C2E8}.Debug|x64.Build.0 = Debug|Any CPU
		{15B3E193-02D5-4550-BCD6-040FF0D5C2E8}.Release|Any CPU.ActiveCfg = Release|Any CPU
		{15B3E193-02D5-4550-BCD6-040FF0D5C2E8}.Release|Any CPU.Build.0 = Release|Any CPU
		{15B3E193-02D5-4550-BCD6-040FF0D5C2E8}.Release|x64.ActiveCfg = Release|x64
		{15B3E193-02D5-4550-BCD6-040FF0D5C2E8}.Release|x64.Build.0 = Release|x64
		{DCB68E9A-3E39-42BB-A949-0EF7768DDD5E}.Debug|Any CPU.ActiveCfg = Debug|Any CPU
		{DCB68E9A-3E39-42BB-A949-0EF7768DDD5E}.Debug|Any CPU.Build.0 = Debug|Any CPU
		{DCB68E9A-3E39-42BB-A949-0EF7768DDD5E}.Debug|x64.ActiveCfg = Debug|Any CPU
		{DCB68E9A-3E39-42BB-A949-0EF7768DDD5E}.Debug|x64.Build.0 = Debug|Any CPU
		{DCB68E9A-3E39-42BB-A949-0EF7768DDD5E}.Release|Any CPU.ActiveCfg = Release|Any CPU
		{DCB68E9A-3E39-42BB-A949-0EF7768DDD5E}.Release|Any CPU.Build.0 = Release|Any CPU
		{DCB68E9A-3E39-42BB-A949-0EF7768DDD5E}.Release|x64.ActiveCfg = Release|x64
		{DCB68E9A-3E39-42BB-A949-0EF7768DDD5E}.Release|x64.Build.0 = Release|x64
		{E092F621-4F67-4A6F-994F-10E8BBF92CA8}.Debug|Any CPU.ActiveCfg = Debug|Any CPU
		{E092F621-4F67-4A6F-994F-10E8BBF92CA8}.Debug|Any CPU.Build.0 = Debug|Any CPU
		{E092F621-4F67-4A6F-994F-10E8BBF92CA8}.Debug|x64.ActiveCfg = Debug|Any CPU
		{E092F621-4F67-4A6F-994F-10E8BBF92CA8}.Debug|x64.Build.0 = Debug|Any CPU
		{E092F621-4F67-4A6F-994F-10E8BBF92CA8}.Release|Any CPU.ActiveCfg = Release|Any CPU
		{E092F621-4F67-4A6F-994F-10E8BBF92CA8}.Release|Any CPU.Build.0 = Release|Any CPU
		{E092F621-4F67-4A6F-994F-10E8BBF92CA8}.Release|x64.ActiveCfg = Release|x64
		{E092F621-4F67-4A6F-994F-10E8BBF92CA8}.Release|x64.Build.0 = Release|x64
		{75D6B1C3-98BA-4B32-AC9D-0DED6C11BDE3}.Debug|Any CPU.ActiveCfg = Debug|Any CPU
		{75D6B1C3-98BA-4B32-AC9D-0DED6C11BDE3}.Debug|Any CPU.Build.0 = Debug|Any CPU
		{75D6B1C3-98BA-4B32-AC9D-0DED6C11BDE3}.Debug|x64.ActiveCfg = Debug|Any CPU
		{75D6B1C3-98BA-4B32-AC9D-0DED6C11BDE3}.Debug|x64.Build.0 = Debug|Any CPU
		{75D6B1C3-98BA-4B32-AC9D-0DED6C11BDE3}.Release|Any CPU.ActiveCfg = Release|Any CPU
		{75D6B1C3-98BA-4B32-AC9D-0DED6C11BDE3}.Release|Any CPU.Build.0 = Release|Any CPU
		{75D6B1C3-98BA-4B32-AC9D-0DED6C11BDE3}.Release|x64.ActiveCfg = Release|Any CPU
		{75D6B1C3-98BA-4B32-AC9D-0DED6C11BDE3}.Release|x64.Build.0 = Release|Any CPU
		{EC417CC2-5670-4537-BEA3-5518C6008B44}.Debug|Any CPU.ActiveCfg = Debug|Any CPU
		{EC417CC2-5670-4537-BEA3-5518C6008B44}.Debug|Any CPU.Build.0 = Debug|Any CPU
		{EC417CC2-5670-4537-BEA3-5518C6008B44}.Debug|x64.ActiveCfg = Debug|Any CPU
		{EC417CC2-5670-4537-BEA3-5518C6008B44}.Debug|x64.Build.0 = Debug|Any CPU
		{EC417CC2-5670-4537-BEA3-5518C6008B44}.Release|Any CPU.ActiveCfg = Release|Any CPU
		{EC417CC2-5670-4537-BEA3-5518C6008B44}.Release|Any CPU.Build.0 = Release|Any CPU
		{EC417CC2-5670-4537-BEA3-5518C6008B44}.Release|x64.ActiveCfg = Release|Any CPU
		{EC417CC2-5670-4537-BEA3-5518C6008B44}.Release|x64.Build.0 = Release|Any CPU
		{CCBFA55D-7FC2-4760-92D7-F9FD80B498A5}.Debug|Any CPU.ActiveCfg = Debug|Any CPU
		{CCBFA55D-7FC2-4760-92D7-F9FD80B498A5}.Debug|Any CPU.Build.0 = Debug|Any CPU
		{CCBFA55D-7FC2-4760-92D7-F9FD80B498A5}.Debug|x64.ActiveCfg = Debug|Any CPU
		{CCBFA55D-7FC2-4760-92D7-F9FD80B498A5}.Debug|x64.Build.0 = Debug|Any CPU
		{CCBFA55D-7FC2-4760-92D7-F9FD80B498A5}.Release|Any CPU.ActiveCfg = Release|Any CPU
		{CCBFA55D-7FC2-4760-92D7-F9FD80B498A5}.Release|Any CPU.Build.0 = Release|Any CPU
		{CCBFA55D-7FC2-4760-92D7-F9FD80B498A5}.Release|x64.ActiveCfg = Release|Any CPU
		{CCBFA55D-7FC2-4760-92D7-F9FD80B498A5}.Release|x64.Build.0 = Release|Any CPU
		{8887C9F7-600C-4AD6-BAC5-B7D4A9BCB9CC}.Debug|Any CPU.ActiveCfg = Debug|Any CPU
		{8887C9F7-600C-4AD6-BAC5-B7D4A9BCB9CC}.Debug|Any CPU.Build.0 = Debug|Any CPU
		{8887C9F7-600C-4AD6-BAC5-B7D4A9BCB9CC}.Debug|x64.ActiveCfg = Debug|Any CPU
		{8887C9F7-600C-4AD6-BAC5-B7D4A9BCB9CC}.Debug|x64.Build.0 = Debug|Any CPU
		{8887C9F7-600C-4AD6-BAC5-B7D4A9BCB9CC}.Release|Any CPU.ActiveCfg = Release|Any CPU
		{8887C9F7-600C-4AD6-BAC5-B7D4A9BCB9CC}.Release|Any CPU.Build.0 = Release|Any CPU
		{8887C9F7-600C-4AD6-BAC5-B7D4A9BCB9CC}.Release|x64.ActiveCfg = Release|Any CPU
		{8887C9F7-600C-4AD6-BAC5-B7D4A9BCB9CC}.Release|x64.Build.0 = Release|Any CPU
	EndGlobalSection
	GlobalSection(SolutionProperties) = preSolution
		HideSolutionNode = FALSE
	EndGlobalSection
	GlobalSection(ExtensibilityGlobals) = postSolution
		SolutionGuid = {8B0C55AA-B2BE-436E-ACE7-F573A20CE2D8}
	EndGlobalSection
EndGlobal
